
Microsoft Visual Studio Solution File, Format Version 12.00
# Visual Studio Version 16
VisualStudioVersion = 25.0.1706.1
MinimumVisualStudioVersion = 10.0.40219.1
Project("{FAE04EC0-301F-11D3-BF4B-00C04F79EFBC}") = "Watchlist", "Watchlist\Watchlist.csproj", "{BB746F61-3FAA-46CC-94C9-5B80DF5649BD}"
EndProject
Global
	GlobalSection(SolutionConfigurationPlatforms) = preSolution
		Debug|Any CPU = Debug|Any CPU
		Release|Any CPU = Release|Any CPU
	EndGlobalSection
	GlobalSection(ProjectConfigurationPlatforms) = postSolution
		{BB746F61-3FAA-46CC-94C9-5B80DF5649BD}.Debug|Any CPU.ActiveCfg = Debug|Any CPU
		{BB746F61-3FAA-46CC-94C9-5B80DF5649BD}.Debug|Any CPU.Build.0 = Debug|Any CPU
		{BB746F61-3FAA-46CC-94C9-5B80DF5649BD}.Release|Any CPU.ActiveCfg = Release|Any CPU
		{BB746F61-3FAA-46CC-94C9-5B80DF5649BD}.Release|Any CPU.Build.0 = Release|Any CPU
	EndGlobalSection
	GlobalSection(SolutionProperties) = preSolution
		HideSolutionNode = FALSE
	EndGlobalSection
	GlobalSection(ExtensibilityGlobals) = postSolution
		SolutionGuid = {FC32F1BD-6326-4EDA-9FE4-957777E40E01}
	EndGlobalSection
EndGlobal
